
Microsoft Visual Studio Solution File, Format Version 12.00
# Visual Studio Version 16
VisualStudioVersion = 16.0.29728.190
MinimumVisualStudioVersion = 10.0.40219.1
Project("{FAE04EC0-301F-11D3-BF4B-00C04F79EFBC}") = "ProgressBar", "ProgressBar\ProgressBar.csproj", "{D2FEE9D5-E895-457D-BDB8-EC8DF34018FC}"
EndProject
Global
	GlobalSection(SolutionConfigurationPlatforms) = preSolution
		Debug|Any CPU = Debug|Any CPU
		Release|Any CPU = Release|Any CPU
	EndGlobalSection
	GlobalSection(ProjectConfigurationPlatforms) = postSolution
		{D2FEE9D5-E895-457D-BDB8-EC8DF34018FC}.Debug|Any CPU.ActiveCfg = Debug|Any CPU
		{D2FEE9D5-E895-457D-BDB8-EC8DF34018FC}.Debug|Any CPU.Build.0 = Debug|Any CPU
		{D2FEE9D5-E895-457D-BDB8-EC8DF34018FC}.Release|Any CPU.ActiveCfg = Release|Any CPU
		{D2FEE9D5-E895-457D-BDB8-EC8DF34018FC}.Release|Any CPU.Build.0 = Release|Any CPU
	EndGlobalSection
	GlobalSection(SolutionProperties) = preSolution
		HideSolutionNode = FALSE
	EndGlobalSection
	GlobalSection(ExtensibilityGlobals) = postSolution
		SolutionGuid = {8F46BEB2-0AAA-4556-91C7-52EF905AF9AD}
	EndGlobalSection
EndGlobal
