
Microsoft Visual Studio Solution File, Format Version 12.00
# Visual Studio Version 16
VisualStudioVersion = 16.0.29728.190
MinimumVisualStudioVersion = 10.0.40219.1
Project("{FAE04EC0-301F-11D3-BF4B-00C04F79EFBC}") = "Command", "Command\Command.csproj", "{43FE5E63-7F09-445E-9247-F2E72490E26D}"
EndProject
Global
	GlobalSection(SolutionConfigurationPlatforms) = preSolution
		Debug|Any CPU = Debug|Any CPU
		Release|Any CPU = Release|Any CPU
	EndGlobalSection
	GlobalSection(ProjectConfigurationPlatforms) = postSolution
		{43FE5E63-7F09-445E-9247-F2E72490E26D}.Debug|Any CPU.ActiveCfg = Debug|Any CPU
		{43FE5E63-7F09-445E-9247-F2E72490E26D}.Debug|Any CPU.Build.0 = Debug|Any CPU
		{43FE5E63-7F09-445E-9247-F2E72490E26D}.Release|Any CPU.ActiveCfg = Release|Any CPU
		{43FE5E63-7F09-445E-9247-F2E72490E26D}.Release|Any CPU.Build.0 = Release|Any CPU
	EndGlobalSection
	GlobalSection(SolutionProperties) = preSolution
		HideSolutionNode = FALSE
	EndGlobalSection
	GlobalSection(ExtensibilityGlobals) = postSolution
		SolutionGuid = {628EB2FB-76FD-4B63-82CA-6A46B6F46878}
	EndGlobalSection
EndGlobal
