
Microsoft Visual Studio Solution File, Format Version 12.00
# Visual Studio Version 16
VisualStudioVersion = 16.0.30204.135
MinimumVisualStudioVersion = 10.0.40219.1
Project("{FAE04EC0-301F-11D3-BF4B-00C04F79EFBC}") = "SortAlgorithms", "SortAlgorithms\SortAlgorithms.csproj", "{83BBCD9E-048E-4A42-ABBE-EDF03CE36ABB}"
EndProject
Project("{FAE04EC0-301F-11D3-BF4B-00C04F79EFBC}") = "Algorithm", "Algorithm\Algorithm.csproj", "{81F85F4A-6E84-41BB-B2A0-A2D58506856E}"
EndProject
Project("{FAE04EC0-301F-11D3-BF4B-00C04F79EFBC}") = "AlgorithmTests", "AlgorithmTests\AlgorithmTests.csproj", "{CC08F24F-08B8-40D6-9CA0-F20B04E1FE7B}"
EndProject
Global
	GlobalSection(SolutionConfigurationPlatforms) = preSolution
		Debug|Any CPU = Debug|Any CPU
		Release|Any CPU = Release|Any CPU
	EndGlobalSection
	GlobalSection(ProjectConfigurationPlatforms) = postSolution
		{83BBCD9E-048E-4A42-ABBE-EDF03CE36ABB}.Debug|Any CPU.ActiveCfg = Debug|Any CPU
		{83BBCD9E-048E-4A42-ABBE-EDF03CE36ABB}.Debug|Any CPU.Build.0 = Debug|Any CPU
		{83BBCD9E-048E-4A42-ABBE-EDF03CE36ABB}.Release|Any CPU.ActiveCfg = Release|Any CPU
		{83BBCD9E-048E-4A42-ABBE-EDF03CE36ABB}.Release|Any CPU.Build.0 = Release|Any CPU
		{81F85F4A-6E84-41BB-B2A0-A2D58506856E}.Debug|Any CPU.ActiveCfg = Debug|Any CPU
		{81F85F4A-6E84-41BB-B2A0-A2D58506856E}.Debug|Any CPU.Build.0 = Debug|Any CPU
		{81F85F4A-6E84-41BB-B2A0-A2D58506856E}.Release|Any CPU.ActiveCfg = Release|Any CPU
		{81F85F4A-6E84-41BB-B2A0-A2D58506856E}.Release|Any CPU.Build.0 = Release|Any CPU
		{CC08F24F-08B8-40D6-9CA0-F20B04E1FE7B}.Debug|Any CPU.ActiveCfg = Debug|Any CPU
		{CC08F24F-08B8-40D6-9CA0-F20B04E1FE7B}.Debug|Any CPU.Build.0 = Debug|Any CPU
		{CC08F24F-08B8-40D6-9CA0-F20B04E1FE7B}.Release|Any CPU.ActiveCfg = Release|Any CPU
		{CC08F24F-08B8-40D6-9CA0-F20B04E1FE7B}.Release|Any CPU.Build.0 = Release|Any CPU
	EndGlobalSection
	GlobalSection(SolutionProperties) = preSolution
		HideSolutionNode = FALSE
	EndGlobalSection
	GlobalSection(ExtensibilityGlobals) = postSolution
		SolutionGuid = {0EA8BE96-A58F-4D8C-BBC0-AADDD12784DF}
	EndGlobalSection
EndGlobal
