
Microsoft Visual Studio Solution File, Format Version 12.00
# Visual Studio Version 16
VisualStudioVersion = 16.0.29728.190
MinimumVisualStudioVersion = 10.0.40219.1
Project("{FAE04EC0-301F-11D3-BF4B-00C04F79EFBC}") = "Console", "Console\Console.csproj", "{AC06C51D-C14F-4D9C-9630-94443BFD23CB}"
EndProject
Global
	GlobalSection(SolutionConfigurationPlatforms) = preSolution
		Debug|Any CPU = Debug|Any CPU
		Release|Any CPU = Release|Any CPU
	EndGlobalSection
	GlobalSection(ProjectConfigurationPlatforms) = postSolution
		{AC06C51D-C14F-4D9C-9630-94443BFD23CB}.Debug|Any CPU.ActiveCfg = Debug|Any CPU
		{AC06C51D-C14F-4D9C-9630-94443BFD23CB}.Debug|Any CPU.Build.0 = Debug|Any CPU
		{AC06C51D-C14F-4D9C-9630-94443BFD23CB}.Release|Any CPU.ActiveCfg = Release|Any CPU
		{AC06C51D-C14F-4D9C-9630-94443BFD23CB}.Release|Any CPU.Build.0 = Release|Any CPU
	EndGlobalSection
	GlobalSection(SolutionProperties) = preSolution
		HideSolutionNode = FALSE
	EndGlobalSection
	GlobalSection(ExtensibilityGlobals) = postSolution
		SolutionGuid = {B9BB35BD-2E08-45D6-998D-28AA9AB0A863}
	EndGlobalSection
EndGlobal
